
Microsoft Visual Studio Solution File, Format Version 12.00
Project("{FAE04EC0-301F-11D3-BF4B-00C04F79EFBC}") = "MyNUnit", "MyNUnit\MyNUnit.csproj", "{59989BE9-D80E-43E2-BF1E-34C739FAB9DB}"
EndProject
Project("{FAE04EC0-301F-11D3-BF4B-00C04F79EFBC}") = "TestForMyNUnit", "TestForMyNUnit\TestForMyNUnit.csproj", "{5DD4AEA4-DE45-4A41-9C72-1B6982CEDE1B}"
EndProject
Project("{FAE04EC0-301F-11D3-BF4B-00C04F79EFBC}") = "TestProject", "TestProject\TestProject.csproj", "{F5EF7310-55BA-44AF-BBC9-3A1777FD915A}"
EndProject
Project("{FAE04EC0-301F-11D3-BF4B-00C04F79EFBC}") = "AttributesForMyNUnit", "AttributesForMyNUnit\AttributesForMyNUnit.csproj", "{B9AFECE0-D827-4937-ADBA-63479596628D}"
EndProject
Global
	GlobalSection(SolutionConfigurationPlatforms) = preSolution
		Debug|Any CPU = Debug|Any CPU
		Release|Any CPU = Release|Any CPU
	EndGlobalSection
	GlobalSection(ProjectConfigurationPlatforms) = postSolution
		{59989BE9-D80E-43E2-BF1E-34C739FAB9DB}.Debug|Any CPU.ActiveCfg = Debug|Any CPU
		{59989BE9-D80E-43E2-BF1E-34C739FAB9DB}.Debug|Any CPU.Build.0 = Debug|Any CPU
		{59989BE9-D80E-43E2-BF1E-34C739FAB9DB}.Release|Any CPU.ActiveCfg = Release|Any CPU
		{59989BE9-D80E-43E2-BF1E-34C739FAB9DB}.Release|Any CPU.Build.0 = Release|Any CPU
		{5DD4AEA4-DE45-4A41-9C72-1B6982CEDE1B}.Debug|Any CPU.ActiveCfg = Debug|Any CPU
		{5DD4AEA4-DE45-4A41-9C72-1B6982CEDE1B}.Debug|Any CPU.Build.0 = Debug|Any CPU
		{5DD4AEA4-DE45-4A41-9C72-1B6982CEDE1B}.Release|Any CPU.ActiveCfg = Release|Any CPU
		{5DD4AEA4-DE45-4A41-9C72-1B6982CEDE1B}.Release|Any CPU.Build.0 = Release|Any CPU
		{F5EF7310-55BA-44AF-BBC9-3A1777FD915A}.Debug|Any CPU.ActiveCfg = Debug|Any CPU
		{F5EF7310-55BA-44AF-BBC9-3A1777FD915A}.Debug|Any CPU.Build.0 = Debug|Any CPU
		{F5EF7310-55BA-44AF-BBC9-3A1777FD915A}.Release|Any CPU.ActiveCfg = Release|Any CPU
		{F5EF7310-55BA-44AF-BBC9-3A1777FD915A}.Release|Any CPU.Build.0 = Release|Any CPU
		{B9AFECE0-D827-4937-ADBA-63479596628D}.Debug|Any CPU.ActiveCfg = Debug|Any CPU
		{B9AFECE0-D827-4937-ADBA-63479596628D}.Debug|Any CPU.Build.0 = Debug|Any CPU
		{B9AFECE0-D827-4937-ADBA-63479596628D}.Release|Any CPU.ActiveCfg = Release|Any CPU
		{B9AFECE0-D827-4937-ADBA-63479596628D}.Release|Any CPU.Build.0 = Release|Any CPU
	EndGlobalSection
EndGlobal
